
Microsoft Visual Studio Solution File, Format Version 12.00
# Visual Studio Version 17
VisualStudioVersion = 17.8.34316.72
MinimumVisualStudioVersion = 10.0.40219.1
Project("{9A19103F-16F7-4668-BE54-9A1E7A4F7556}") = "AnnuaireAPI", "AnnuaireAPI\AnnuaireAPI.csproj", "{5998FE84-FC07-481F-9480-C9DD5F4646E7}"
EndProject
Project("{9A19103F-16F7-4668-BE54-9A1E7A4F7556}") = "AnnuaireModel", "AnnuaireModel\AnnuaireModel.csproj", "{A4139DD7-31AE-45EE-8A6F-98735F0256CF}"
EndProject
Project("{9A19103F-16F7-4668-BE54-9A1E7A4F7556}") = "AnnuaireClient", "AnnuaireClient\AnnuaireClient.csproj", "{F1E4DBF6-E385-480C-8BC2-F1094AFE6E29}"
EndProject
Project("{9A19103F-16F7-4668-BE54-9A1E7A4F7556}") = "AnnuaireConsole", "AnnuaireConsole\AnnuaireConsole.csproj", "{5C6B8761-D199-4F0C-93FB-6389A550F553}"
EndProject
Project("{2150E333-8FDC-42A3-9474-1A3956D46DE8}") = "Éléments de solution", "Éléments de solution", "{AF68DA26-602F-4323-8CC2-9544D352E3AD}"
	ProjectSection(SolutionItems) = preProject
		Globals.cs = Globals.cs
	EndProjectSection
EndProject
Global
	GlobalSection(SolutionConfigurationPlatforms) = preSolution
		Debug|Any CPU = Debug|Any CPU
		Debug|x64 = Debug|x64
		Debug|x86 = Debug|x86
		Release|Any CPU = Release|Any CPU
		Release|x64 = Release|x64
		Release|x86 = Release|x86
	EndGlobalSection
	GlobalSection(ProjectConfigurationPlatforms) = postSolution
		{5998FE84-FC07-481F-9480-C9DD5F4646E7}.Debug|Any CPU.ActiveCfg = Debug|Any CPU
		{5998FE84-FC07-481F-9480-C9DD5F4646E7}.Debug|Any CPU.Build.0 = Debug|Any CPU
		{5998FE84-FC07-481F-9480-C9DD5F4646E7}.Debug|x64.ActiveCfg = Debug|Any CPU
		{5998FE84-FC07-481F-9480-C9DD5F4646E7}.Debug|x64.Build.0 = Debug|Any CPU
		{5998FE84-FC07-481F-9480-C9DD5F4646E7}.Debug|x86.ActiveCfg = Debug|Any CPU
		{5998FE84-FC07-481F-9480-C9DD5F4646E7}.Debug|x86.Build.0 = Debug|Any CPU
		{5998FE84-FC07-481F-9480-C9DD5F4646E7}.Release|Any CPU.ActiveCfg = Release|Any CPU
		{5998FE84-FC07-481F-9480-C9DD5F4646E7}.Release|Any CPU.Build.0 = Release|Any CPU
		{5998FE84-FC07-481F-9480-C9DD5F4646E7}.Release|x64.ActiveCfg = Release|Any CPU
		{5998FE84-FC07-481F-9480-C9DD5F4646E7}.Release|x64.Build.0 = Release|Any CPU
		{5998FE84-FC07-481F-9480-C9DD5F4646E7}.Release|x86.ActiveCfg = Release|Any CPU
		{5998FE84-FC07-481F-9480-C9DD5F4646E7}.Release|x86.Build.0 = Release|Any CPU
		{A4139DD7-31AE-45EE-8A6F-98735F0256CF}.Debug|Any CPU.ActiveCfg = Debug|Any CPU
		{A4139DD7-31AE-45EE-8A6F-98735F0256CF}.Debug|Any CPU.Build.0 = Debug|Any CPU
		{A4139DD7-31AE-45EE-8A6F-98735F0256CF}.Debug|x64.ActiveCfg = Debug|Any CPU
		{A4139DD7-31AE-45EE-8A6F-98735F0256CF}.Debug|x64.Build.0 = Debug|Any CPU
		{A4139DD7-31AE-45EE-8A6F-98735F0256CF}.Debug|x86.ActiveCfg = Debug|Any CPU
		{A4139DD7-31AE-45EE-8A6F-98735F0256CF}.Debug|x86.Build.0 = Debug|Any CPU
		{A4139DD7-31AE-45EE-8A6F-98735F0256CF}.Release|Any CPU.ActiveCfg = Release|Any CPU
		{A4139DD7-31AE-45EE-8A6F-98735F0256CF}.Release|Any CPU.Build.0 = Release|Any CPU
		{A4139DD7-31AE-45EE-8A6F-98735F0256CF}.Release|x64.ActiveCfg = Release|Any CPU
		{A4139DD7-31AE-45EE-8A6F-98735F0256CF}.Release|x64.Build.0 = Release|Any CPU
		{A4139DD7-31AE-45EE-8A6F-98735F0256CF}.Release|x86.ActiveCfg = Release|Any CPU
		{A4139DD7-31AE-45EE-8A6F-98735F0256CF}.Release|x86.Build.0 = Release|Any CPU
		{F1E4DBF6-E385-480C-8BC2-F1094AFE6E29}.Debug|Any CPU.ActiveCfg = Debug|Any CPU
		{F1E4DBF6-E385-480C-8BC2-F1094AFE6E29}.Debug|Any CPU.Build.0 = Debug|Any CPU
		{F1E4DBF6-E385-480C-8BC2-F1094AFE6E29}.Debug|x64.ActiveCfg = Debug|Any CPU
		{F1E4DBF6-E385-480C-8BC2-F1094AFE6E29}.Debug|x64.Build.0 = Debug|Any CPU
		{F1E4DBF6-E385-480C-8BC2-F1094AFE6E29}.Debug|x86.ActiveCfg = Debug|Any CPU
		{F1E4DBF6-E385-480C-8BC2-F1094AFE6E29}.Debug|x86.Build.0 = Debug|Any CPU
		{F1E4DBF6-E385-480C-8BC2-F1094AFE6E29}.Release|Any CPU.ActiveCfg = Release|Any CPU
		{F1E4DBF6-E385-480C-8BC2-F1094AFE6E29}.Release|Any CPU.Build.0 = Release|Any CPU
		{F1E4DBF6-E385-480C-8BC2-F1094AFE6E29}.Release|x64.ActiveCfg = Release|Any CPU
		{F1E4DBF6-E385-480C-8BC2-F1094AFE6E29}.Release|x64.Build.0 = Release|Any CPU
		{F1E4DBF6-E385-480C-8BC2-F1094AFE6E29}.Release|x86.ActiveCfg = Release|Any CPU
		{F1E4DBF6-E385-480C-8BC2-F1094AFE6E29}.Release|x86.Build.0 = Release|Any CPU
		{5C6B8761-D199-4F0C-93FB-6389A550F553}.Debug|Any CPU.ActiveCfg = Debug|Any CPU
		{5C6B8761-D199-4F0C-93FB-6389A550F553}.Debug|Any CPU.Build.0 = Debug|Any CPU
		{5C6B8761-D199-4F0C-93FB-6389A550F553}.Debug|x64.ActiveCfg = Debug|Any CPU
		{5C6B8761-D199-4F0C-93FB-6389A550F553}.Debug|x64.Build.0 = Debug|Any CPU
		{5C6B8761-D199-4F0C-93FB-6389A550F553}.Debug|x86.ActiveCfg = Debug|Any CPU
		{5C6B8761-D199-4F0C-93FB-6389A550F553}.Debug|x86.Build.0 = Debug|Any CPU
		{5C6B8761-D199-4F0C-93FB-6389A550F553}.Release|Any CPU.ActiveCfg = Release|Any CPU
		{5C6B8761-D199-4F0C-93FB-6389A550F553}.Release|Any CPU.Build.0 = Release|Any CPU
		{5C6B8761-D199-4F0C-93FB-6389A550F553}.Release|x64.ActiveCfg = Release|Any CPU
		{5C6B8761-D199-4F0C-93FB-6389A550F553}.Release|x64.Build.0 = Release|Any CPU
		{5C6B8761-D199-4F0C-93FB-6389A550F553}.Release|x86.ActiveCfg = Release|Any CPU
		{5C6B8761-D199-4F0C-93FB-6389A550F553}.Release|x86.Build.0 = Release|Any CPU
	EndGlobalSection
	GlobalSection(SolutionProperties) = preSolution
		HideSolutionNode = FALSE
	EndGlobalSection
	GlobalSection(ExtensibilityGlobals) = postSolution
		SolutionGuid = {3D4EA1C5-C78C-429F-AFF6-E65D1A1C2D02}
	EndGlobalSection
EndGlobal
